
Microsoft Visual Studio Solution File, Format Version 12.00
# Visual Studio Version 17
VisualStudioVersion = 17.4.33205.214
MinimumVisualStudioVersion = 10.0.40219.1
Project("{FAE04EC0-301F-11D3-BF4B-00C04F79EFBC}") = "PageOpener", "PageOpener\PageOpener.csproj", "{91BE8E27-E7DD-476C-850A-B783888CA0BB}"
EndProject
Global
	GlobalSection(SolutionConfigurationPlatforms) = preSolution
		Debug|Any CPU = Debug|Any CPU
		Release|Any CPU = Release|Any CPU
	EndGlobalSection
	GlobalSection(ProjectConfigurationPlatforms) = postSolution
		{91BE8E27-E7DD-476C-850A-B783888CA0BB}.Debug|Any CPU.ActiveCfg = Debug|Any CPU
		{91BE8E27-E7DD-476C-850A-B783888CA0BB}.Debug|Any CPU.Build.0 = Debug|Any CPU
		{91BE8E27-E7DD-476C-850A-B783888CA0BB}.Release|Any CPU.ActiveCfg = Release|Any CPU
		{91BE8E27-E7DD-476C-850A-B783888CA0BB}.Release|Any CPU.Build.0 = Release|Any CPU
	EndGlobalSection
	GlobalSection(SolutionProperties) = preSolution
		HideSolutionNode = FALSE
	EndGlobalSection
	GlobalSection(ExtensibilityGlobals) = postSolution
		SolutionGuid = {E575B302-9E8A-4EA3-A586-9E491CB83339}
	EndGlobalSection
EndGlobal
